// !$*UTF8*$!
{
	archiveVersion = 1;
	classes = {
	};
	objectVersion = 50;
	objects = {

/* Begin PBXBuildFile section */
		14357D252190D5BA0016FEC1 /* AppDelegate.swift in Sources */ = {isa = PBXBuildFile; fileRef = 14357D242190D5BA0016FEC1 /* AppDelegate.swift */; };
		14357D272190D5BA0016FEC1 /* ViewController.swift in Sources */ = {isa = PBXBuildFile; fileRef = 14357D262190D5BA0016FEC1 /* ViewController.swift */; };
		14357D2A2190D5BA0016FEC1 /* Main.storyboard in Resources */ = {isa = PBXBuildFile; fileRef = 14357D282190D5BA0016FEC1 /* Main.storyboard */; };
		14357D2C2190D5BD0016FEC1 /* Assets.xcassets in Resources */ = {isa = PBXBuildFile; fileRef = 14357D2B2190D5BD0016FEC1 /* Assets.xcassets */; };
		14357D2F2190D5BD0016FEC1 /* LaunchScreen.storyboard in Resources */ = {isa = PBXBuildFile; fileRef = 14357D2D2190D5BD0016FEC1 /* LaunchScreen.storyboard */; };
		14357D3A2190D5BD0016FEC1 /* API_AppTests.swift in Sources */ = {isa = PBXBuildFile; fileRef = 14357D392190D5BD0016FEC1 /* API_AppTests.swift */; };
		14357D452190D5BD0016FEC1 /* API_AppUITests.swift in Sources */ = {isa = PBXBuildFile; fileRef = 14357D442190D5BD0016FEC1 /* API_AppUITests.swift */; };
/* End PBXBuildFile section */

/* Begin PBXContainerItemProxy section */
		14357D362190D5BD0016FEC1 /* PBXContainerItemProxy */ = {
			isa = PBXContainerItemProxy;
			containerPortal = 14357D192190D5BA0016FEC1 /* Project object */;
			proxyType = 1;
			remoteGlobalIDString = 14357D202190D5BA0016FEC1;
			remoteInfo = API_App;
		};
		14357D412190D5BD0016FEC1 /* PBXContainerItemProxy */ = {
			isa = PBXContainerItemProxy;
			containerPortal = 14357D192190D5BA0016FEC1 /* Project object */;
			proxyType = 1;
			remoteGlobalIDString = 14357D202190D5BA0016FEC1;
			remoteInfo = API_App;
		};
/* End PBXContainerItemProxy section */

/* Begin PBXFileReference section */
		14357D212190D5BA0016FEC1 /* API_App.app */ = {isa = PBXFileReference; explicitFileType = wrapper.application; includeInIndex = 0; path = API_App.app; sourceTree = BUILT_PRODUCTS_DIR; };
		14357D242190D5BA0016FEC1 /* AppDelegate.swift */ = {isa = PBXFileReference; lastKnownFileType = sourcecode.swift; path = AppDelegate.swift; sourceTree = "<group>"; };
		14357D262190D5BA0016FEC1 /* ViewController.swift */ = {isa = PBXFileReference; lastKnownFileType = sourcecode.swift; path = ViewController.swift; sourceTree = "<group>"; };
		14357D292190D5BA0016FEC1 /* Base */ = {isa = PBXFileReference; lastKnownFileType = file.storyboard; name = Base; path = Base.lproj/Main.storyboard; sourceTree = "<group>"; };
		14357D2B2190D5BD0016FEC1 /* Assets.xcassets */ = {isa = PBXFileReference; lastKnownFileType = folder.assetcatalog; path = Assets.xcassets; sourceTree = "<group>"; };
		14357D2E2190D5BD0016FEC1 /* Base */ = {isa = PBXFileReference; lastKnownFileType = file.storyboard; name = Base; path = Base.lproj/LaunchScreen.storyboard; sourceTree = "<group>"; };
		14357D302190D5BD0016FEC1 /* Info.plist */ = {isa = PBXFileReference; lastKnownFileType = text.plist.xml; path = Info.plist; sourceTree = "<group>"; };
		14357D352190D5BD0016FEC1 /* API_AppTests.xctest */ = {isa = PBXFileReference; explicitFileType = wrapper.cfbundle; includeInIndex = 0; path = API_AppTests.xctest; sourceTree = BUILT_PRODUCTS_DIR; };
		14357D392190D5BD0016FEC1 /* API_AppTests.swift */ = {isa = PBXFileReference; lastKnownFileType = sourcecode.swift; path = API_AppTests.swift; sourceTree = "<group>"; };
		14357D3B2190D5BD0016FEC1 /* Info.plist */ = {isa = PBXFileReference; lastKnownFileType = text.plist.xml; path = Info.plist; sourceTree = "<group>"; };
		14357D402190D5BD0016FEC1 /* API_AppUITests.xctest */ = {isa = PBXFileReference; explicitFileType = wrapper.cfbundle; includeInIndex = 0; path = API_AppUITests.xctest; sourceTree = BUILT_PRODUCTS_DIR; };
		14357D442190D5BD0016FEC1 /* API_AppUITests.swift */ = {isa = PBXFileReference; lastKnownFileType = sourcecode.swift; path = API_AppUITests.swift; sourceTree = "<group>"; };
		14357D462190D5BD0016FEC1 /* Info.plist */ = {isa = PBXFileReference; lastKnownFileType = text.plist.xml; path = Info.plist; sourceTree = "<group>"; };
/* End PBXFileReference section */

/* Begin PBXFrameworksBuildPhase section */
		14357D1E2190D5BA0016FEC1 /* Frameworks */ = {
			isa = PBXFrameworksBuildPhase;
			buildActionMask = 2147483647;
			files = (
			);
			runOnlyForDeploymentPostprocessing = 0;
		};
		14357D322190D5BD0016FEC1 /* Frameworks */ = {
			isa = PBXFrameworksBuildPhase;
			buildActionMask = 2147483647;
			files = (
			);
			runOnlyForDeploymentPostprocessing = 0;
		};
		14357D3D2190D5BD0016FEC1 /* Frameworks */ = {
			isa = PBXFrameworksBuildPhase;
			buildActionMask = 2147483647;
			files = (
			);
			runOnlyForDeploymentPostprocessing = 0;
		};
/* End PBXFrameworksBuildPhase section */

/* Begin PBXGroup section */
		14357D182190D5BA0016FEC1 = {
			isa = PBXGroup;
			children = (
				14357D232190D5BA0016FEC1 /* API_App */,
				14357D382190D5BD0016FEC1 /* API_AppTests */,
				14357D432190D5BD0016FEC1 /* API_AppUITests */,
				14357D222190D5BA0016FEC1 /* Products */,
			);
			sourceTree = "<group>";
		};
		14357D222190D5BA0016FEC1 /* Products */ = {
			isa = PBXGroup;
			children = (
				14357D212190D5BA0016FEC1 /* API_App.app */,
				14357D352190D5BD0016FEC1 /* API_AppTests.xctest */,
				14357D402190D5BD0016FEC1 /* API_AppUITests.xctest */,
			);
			name = Products;
			sourceTree = "<group>";
		};
		14357D232190D5BA0016FEC1 /* API_App */ = {
			isa = PBXGroup;
			children = (
				14357D242190D5BA0016FEC1 /* AppDelegate.swift */,
				14357D262190D5BA0016FEC1 /* ViewController.swift */,
				14357D282190D5BA0016FEC1 /* Main.storyboard */,
				14357D2B2190D5BD0016FEC1 /* Assets.xcassets */,
				14357D2D2190D5BD0016FEC1 /* LaunchScreen.storyboard */,
				14357D302190D5BD0016FEC1 /* Info.plist */,
			);
			path = API_App;
			sourceTree = "<group>";
		};
		14357D382190D5BD0016FEC1 /* API_AppTests */ = {
			isa = PBXGroup;
			children = (
				14357D392190D5BD0016FEC1 /* API_AppTests.swift */,
				14357D3B2190D5BD0016FEC1 /* Info.plist */,
			);
			path = API_AppTests;
			sourceTree = "<group>";
		};
		14357D432190D5BD0016FEC1 /* API_AppUITests */ = {
			isa = PBXGroup;
			children = (
				14357D442190D5BD0016FEC1 /* API_AppUITests.swift */,
				14357D462190D5BD0016FEC1 /* Info.plist */,
			);
			path = API_AppUITests;
			sourceTree = "<group>";
		};
/* End PBXGroup section */

/* Begin PBXNativeTarget section */
		14357D202190D5BA0016FEC1 /* API_App */ = {
			isa = PBXNativeTarget;
			buildConfigurationList = 14357D492190D5BD0016FEC1 /* Build configuration list for PBXNativeTarget "API_App" */;
			buildPhases = (
				14357D1D2190D5BA0016FEC1 /* Sources */,
				14357D1E2190D5BA0016FEC1 /* Frameworks */,
				14357D1F2190D5BA0016FEC1 /* Resources */,
			);
			buildRules = (
			);
			dependencies = (
			);
			name = API_App;
			productName = API_App;
			productReference = 14357D212190D5BA0016FEC1 /* API_App.app */;
			productType = "com.apple.product-type.application";
		};
		14357D342190D5BD0016FEC1 /* API_AppTests */ = {
			isa = PBXNativeTarget;
			buildConfigurationList = 14357D4C2190D5BD0016FEC1 /* Build configuration list for PBXNativeTarget "API_AppTests" */;
			buildPhases = (
				14357D312190D5BD0016FEC1 /* Sources */,
				14357D322190D5BD0016FEC1 /* Frameworks */,
				14357D332190D5BD0016FEC1 /* Resources */,
			);
			buildRules = (
			);
			dependencies = (
				14357D372190D5BD0016FEC1 /* PBXTargetDependency */,
			);
			name = API_AppTests;
			productName = API_AppTests;
			productReference = 14357D352190D5BD0016FEC1 /* API_AppTests.xctest */;
			productType = "com.apple.product-type.bundle.unit-test";
		};
		14357D3F2190D5BD0016FEC1 /* API_AppUITests */ = {
			isa = PBXNativeTarget;
			buildConfigurationList = 14357D4F2190D5BD0016FEC1 /* Build configuration list for PBXNativeTarget "API_AppUITests" */;
			buildPhases = (
				14357D3C2190D5BD0016FEC1 /* Sources */,
				14357D3D2190D5BD0016FEC1 /* Frameworks */,
				14357D3E2190D5BD0016FEC1 /* Resources */,
			);
			buildRules = (
			);
			dependencies = (
				14357D422190D5BD0016FEC1 /* PBXTargetDependency */,
			);
			name = API_AppUITests;
			productName = API_AppUITests;
			productReference = 14357D402190D5BD0016FEC1 /* API_AppUITests.xctest */;
			productType = "com.apple.product-type.bundle.ui-testing";
		};
/* End PBXNativeTarget section */

/* Begin PBXProject section */
		14357D192190D5BA0016FEC1 /* Project object */ = {
			isa = PBXProject;
			attributes = {
				LastSwiftUpdateCheck = 1000;
				LastUpgradeCheck = 1000;
				ORGANIZATIONNAME = "Sean Casaus";
				TargetAttributes = {
					14357D202190D5BA0016FEC1 = {
						CreatedOnToolsVersion = 10.0;
					};
					14357D342190D5BD0016FEC1 = {
						CreatedOnToolsVersion = 10.0;
						TestTargetID = 14357D202190D5BA0016FEC1;
					};
					14357D3F2190D5BD0016FEC1 = {
						CreatedOnToolsVersion = 10.0;
						TestTargetID = 14357D202190D5BA0016FEC1;
					};
				};
			};
			buildConfigurationList = 14357D1C2190D5BA0016FEC1 /* Build configuration list for PBXProject "API_App" */;
			compatibilityVersion = "Xcode 9.3";
			developmentRegion = en;
			hasScannedForEncodings = 0;
			knownRegions = (
				en,
				Base,
			);
			mainGroup = 14357D182190D5BA0016FEC1;
			productRefGroup = 14357D222190D5BA0016FEC1 /* Products */;
			projectDirPath = "";
			projectRoot = "";
			targets = (
				14357D202190D5BA0016FEC1 /* API_App */,
				14357D342190D5BD0016FEC1 /* API_AppTests */,
				14357D3F2190D5BD0016FEC1 /* API_AppUITests */,
			);
		};
/* End PBXProject section */

/* Begin PBXResourcesBuildPhase section */
		14357D1F2190D5BA0016FEC1 /* Resources */ = {
			isa = PBXResourcesBuildPhase;
			buildActionMask = 2147483647;
			files = (
				14357D2F2190D5BD0016FEC1 /* LaunchScreen.storyboard in Resources */,
				14357D2C2190D5BD0016FEC1 /* Assets.xcassets in Resources */,
				14357D2A2190D5BA0016FEC1 /* Main.storyboard in Resources */,
			);
			runOnlyForDeploymentPostprocessing = 0;
		};
		14357D332190D5BD0016FEC1 /* Resources */ = {
			isa = PBXResourcesBuildPhase;
			buildActionMask = 2147483647;
			files = (
			);
			runOnlyForDeploymentPostprocessing = 0;
		};
		14357D3E2190D5BD0016FEC1 /* Resources */ = {
			isa = PBXResourcesBuildPhase;
			buildActionMask = 2147483647;
			files = (
			);
			runOnlyForDeploymentPostprocessing = 0;
		};
/* End PBXResourcesBuildPhase section */

/* Begin PBXSourcesBuildPhase section */
		14357D1D2190D5BA0016FEC1 /* Sources */ = {
			isa = PBXSourcesBuildPhase;
			buildActionMask = 2147483647;
			files = (
				14357D272190D5BA0016FEC1 /* ViewController.swift in Sources */,
				14357D252190D5BA0016FEC1 /* AppDelegate.swift in Sources */,
			);
			runOnlyForDeploymentPostprocessing = 0;
		};
		14357D312190D5BD0016FEC1 /* Sources */ = {
			isa = PBXSourcesBuildPhase;
			buildActionMask = 2147483647;
			files = (
				14357D3A2190D5BD0016FEC1 /* API_AppTests.swift in Sources */,
			);
			runOnlyForDeploymentPostprocessing = 0;
		};
		14357D3C2190D5BD0016FEC1 /* Sources */ = {
			isa = PBXSourcesBuildPhase;
			buildActionMask = 2147483647;
			files = (
				14357D452190D5BD0016FEC1 /* API_AppUITests.swift in Sources */,
			);
			runOnlyForDeploymentPostprocessing = 0;
		};
/* End PBXSourcesBuildPhase section */

/* Begin PBXTargetDependency section */
		14357D372190D5BD0016FEC1 /* PBXTargetDependency */ = {
			isa = PBXTargetDependency;
			target = 14357D202190D5BA0016FEC1 /* API_App */;
			targetProxy = 14357D362190D5BD0016FEC1 /* PBXContainerItemProxy */;
		};
		14357D422190D5BD0016FEC1 /* PBXTargetDependency */ = {
			isa = PBXTargetDependency;
			target = 14357D202190D5BA0016FEC1 /* API_App */;
			targetProxy = 14357D412190D5BD0016FEC1 /* PBXContainerItemProxy */;
		};
/* End PBXTargetDependency section */

/* Begin PBXVariantGroup section */
		14357D282190D5BA0016FEC1 /* Main.storyboard */ = {
			isa = PBXVariantGroup;
			children = (
				14357D292190D5BA0016FEC1 /* Base */,
			);
			name = Main.storyboard;
			sourceTree = "<group>";
		};
		14357D2D2190D5BD0016FEC1 /* LaunchScreen.storyboard */ = {
			isa = PBXVariantGroup;
			children = (
				14357D2E2190D5BD0016FEC1 /* Base */,
			);
			name = LaunchScreen.storyboard;
			sourceTree = "<group>";
		};
/* End PBXVariantGroup section */

/* Begin XCBuildConfiguration section */
		14357D472190D5BD0016FEC1 /* Debug */ = {
			isa = XCBuildConfiguration;
			buildSettings = {
				ALWAYS_SEARCH_USER_PATHS = NO;
				CLANG_ANALYZER_NONNULL = YES;
				CLANG_ANALYZER_NUMBER_OBJECT_CONVERSION = YES_AGGRESSIVE;
				CLANG_CXX_LANGUAGE_STANDARD = "gnu++14";
				CLANG_CXX_LIBRARY = "libc++";
				CLANG_ENABLE_MODULES = YES;
				CLANG_ENABLE_OBJC_ARC = YES;
				CLANG_ENABLE_OBJC_WEAK = YES;
				CLANG_WARN_BLOCK_CAPTURE_AUTORELEASING = YES;
				CLANG_WARN_BOOL_CONVERSION = YES;
				CLANG_WARN_COMMA = YES;
				CLANG_WARN_CONSTANT_CONVERSION = YES;
				CLANG_WARN_DEPRECATED_OBJC_IMPLEMENTATIONS = YES;
				CLANG_WARN_DIRECT_OBJC_ISA_USAGE = YES_ERROR;
				CLANG_WARN_DOCUMENTATION_COMMENTS = YES;
				CLANG_WARN_EMPTY_BODY = YES;
				CLANG_WARN_ENUM_CONVERSION = YES;
				CLANG_WARN_INFINITE_RECURSION = YES;
				CLANG_WARN_INT_CONVERSION = YES;
				CLANG_WARN_NON_LITERAL_NULL_CONVERSION = YES;
				CLANG_WARN_OBJC_IMPLICIT_RETAIN_SELF = YES;
				CLANG_WARN_OBJC_LITERAL_CONVERSION = YES;
				CLANG_WARN_OBJC_ROOT_CLASS = YES_ERROR;
				CLANG_WARN_RANGE_LOOP_ANALYSIS = YES;
				CLANG_WARN_STRICT_PROTOTYPES = YES;
				CLANG_WARN_SUSPICIOUS_MOVE = YES;
				CLANG_WARN_UNGUARDED_AVAILABILITY = YES_AGGRESSIVE;
				CLANG_WARN_UNREACHABLE_CODE = YES;
				CLANG_WARN__DUPLICATE_METHOD_MATCH = YES;
				CODE_SIGN_IDENTITY = "iPhone Developer";
				COPY_PHASE_STRIP = NO;
				DEBUG_INFORMATION_FORMAT = dwarf;
				ENABLE_STRICT_OBJC_MSGSEND = YES;
				ENABLE_TESTABILITY = YES;
				GCC_C_LANGUAGE_STANDARD = gnu11;
				GCC_DYNAMIC_NO_PIC = NO;
				GCC_NO_COMMON_BLOCKS = YES;
				GCC_OPTIMIZATION_LEVEL = 0;
				GCC_PREPROCESSOR_DEFINITIONS = (
					"DEBUG=1",
					"$(inherited)",
				);
				GCC_WARN_64_TO_32_BIT_CONVERSION = YES;
				GCC_WARN_ABOUT_RETURN_TYPE = YES_ERROR;
				GCC_WARN_UNDECLARED_SELECTOR = YES;
				GCC_WARN_UNINITIALIZED_AUTOS = YES_AGGRESSIVE;
				GCC_WARN_UNUSED_FUNCTION = YES;
				GCC_WARN_UNUSED_VARIABLE = YES;
				IPHONEOS_DEPLOYMENT_TARGET = 12.0;
				MTL_ENABLE_DEBUG_INFO = INCLUDE_SOURCE;
				MTL_FAST_MATH = YES;
				ONLY_ACTIVE_ARCH = YES;
				SDKROOT = iphoneos;
				SWIFT_ACTIVE_COMPILATION_CONDITIONS = DEBUG;
				SWIFT_OPTIMIZATION_LEVEL = "-Onone";
			};
			name = Debug;
		};
		14357D482190D5BD0016FEC1 /* Release */ = {
			isa = XCBuildConfiguration;
			buildSettings = {
				ALWAYS_SEARCH_USER_PATHS = NO;
				CLANG_ANALYZER_NONNULL = YES;
				CLANG_ANALYZER_NUMBER_OBJECT_CONVERSION = YES_AGGRESSIVE;
				CLANG_CXX_LANGUAGE_STANDARD = "gnu++14";
				CLANG_CXX_LIBRARY = "libc++";
				CLANG_ENABLE_MODULES = YES;
				CLANG_ENABLE_OBJC_ARC = YES;
				CLANG_ENABLE_OBJC_WEAK = YES;
				CLANG_WARN_BLOCK_CAPTURE_AUTORELEASING = YES;
				CLANG_WARN_BOOL_CONVERSION = YES;
				CLANG_WARN_COMMA = YES;
				CLANG_WARN_CONSTANT_CONVERSION = YES;
				CLANG_WARN_DEPRECATED_OBJC_IMPLEMENTATIONS = YES;
				CLANG_WARN_DIRECT_OBJC_ISA_USAGE = YES_ERROR;
				CLANG_WARN_DOCUMENTATION_COMMENTS = YES;
				CLANG_WARN_EMPTY_BODY = YES;
				CLANG_WARN_ENUM_CONVERSION = YES;
				CLANG_WARN_INFINITE_RECURSION = YES;
				CLANG_WARN_INT_CONVERSION = YES;
				CLANG_WARN_NON_LITERAL_NULL_CONVERSION = YES;
				CLANG_WARN_OBJC_IMPLICIT_RETAIN_SELF = YES;
				CLANG_WARN_OBJC_LITERAL_CONVERSION = YES;
				CLANG_WARN_OBJC_ROOT_CLASS = YES_ERROR;
				CLANG_WARN_RANGE_LOOP_ANALYSIS = YES;
				CLANG_WARN_STRICT_PROTOTYPES = YES;
				CLANG_WARN_SUSPICIOUS_MOVE = YES;
				CLANG_WARN_UNGUARDED_AVAILABILITY = YES_AGGRESSIVE;
				CLANG_WARN_UNREACHABLE_CODE = YES;
				CLANG_WARN__DUPLICATE_METHOD_MATCH = YES;
				CODE_SIGN_IDENTITY = "iPhone Developer";
				COPY_PHASE_STRIP = NO;
				DEBUG_INFORMATION_FORMAT = "dwarf-with-dsym";
				ENABLE_NS_ASSERTIONS = NO;
				ENABLE_STRICT_OBJC_MSGSEND = YES;
				GCC_C_LANGUAGE_STANDARD = gnu11;
				GCC_NO_COMMON_BLOCKS = YES;
				GCC_WARN_64_TO_32_BIT_CONVERSION = YES;
				GCC_WARN_ABOUT_RETURN_TYPE = YES_ERROR;
				GCC_WARN_UNDECLARED_SELECTOR = YES;
				GCC_WARN_UNINITIALIZED_AUTOS = YES_AGGRESSIVE;
				GCC_WARN_UNUSED_FUNCTION = YES;
				GCC_WARN_UNUSED_VARIABLE = YES;
				IPHONEOS_DEPLOYMENT_TARGET = 12.0;
				MTL_ENABLE_DEBUG_INFO = NO;
				MTL_FAST_MATH = YES;
				SDKROOT = iphoneos;
				SWIFT_COMPILATION_MODE = wholemodule;
				SWIFT_OPTIMIZATION_LEVEL = "-O";
				VALIDATE_PRODUCT = YES;
			};
			name = Release;
		};
		14357D4A2190D5BD0016FEC1 /* Debug */ = {
			isa = XCBuildConfiguration;
			buildSettings = {
				ASSETCATALOG_COMPILER_APPICON_NAME = AppIcon;
				CODE_SIGN_STYLE = Automatic;
				INFOPLIST_FILE = API_App/Info.plist;
				LD_RUNPATH_SEARCH_PATHS = (
					"$(inherited)",
					"@executable_path/Frameworks",
				);
				PRODUCT_BUNDLE_IDENTIFIER = "com.seancasaus.API-App";
				PRODUCT_NAME = "$(TARGET_NAME)";
				SWIFT_VERSION = 4.2;
				TARGETED_DEVICE_FAMILY = "1,2";
			};
			name = Debug;
		};
		14357D4B2190D5BD0016FEC1 /* Release */ = {
			isa = XCBuildConfiguration;
			buildSettings = {
				ASSETCATALOG_COMPILER_APPICON_NAME = AppIcon;
				CODE_SIGN_STYLE = Automatic;
				INFOPLIST_FILE = API_App/Info.plist;
				LD_RUNPATH_SEARCH_PATHS = (
					"$(inherited)",
					"@executable_path/Frameworks",
				);
				PRODUCT_BUNDLE_IDENTIFIER = "com.seancasaus.API-App";
				PRODUCT_NAME = "$(TARGET_NAME)";
				SWIFT_VERSION = 4.2;
				TARGETED_DEVICE_FAMILY = "1,2";
			};
			name = Release;
		};
		14357D4D2190D5BD0016FEC1 /* Debug */ = {
			isa = XCBuildConfiguration;
			buildSettings = {
				ALWAYS_EMBED_SWIFT_STANDARD_LIBRARIES = YES;
				BUNDLE_LOADER = "$(TEST_HOST)";
				CODE_SIGN_STYLE = Automatic;
				INFOPLIST_FILE = API_AppTests/Info.plist;
				LD_RUNPATH_SEARCH_PATHS = (
					"$(inherited)",
					"@executable_path/Frameworks",
					"@loader_path/Frameworks",
				);
				PRODUCT_BUNDLE_IDENTIFIER = "com.seancasaus.API-AppTests";
				PRODUCT_NAME = "$(TARGET_NAME)";
				SWIFT_VERSION = 4.2;
				TARGETED_DEVICE_FAMILY = "1,2";
				TEST_HOST = "$(BUILT_PRODUCTS_DIR)/API_App.app/API_App";
			};
			name = Debug;
		};
		14357D4E2190D5BD0016FEC1 /* Release */ = {
			isa = XCBuildConfiguration;
			buildSettings = {
				ALWAYS_EMBED_SWIFT_STANDARD_LIBRARIES = YES;
				BUNDLE_LOADER = "$(TEST_HOST)";
				CODE_SIGN_STYLE = Automatic;
				INFOPLIST_FILE = API_AppTests/Info.plist;
				LD_RUNPATH_SEARCH_PATHS = (
					"$(inherited)",
					"@executable_path/Frameworks",
					"@loader_path/Frameworks",
				);
				PRODUCT_BUNDLE_IDENTIFIER = "com.seancasaus.API-AppTests";
				PRODUCT_NAME = "$(TARGET_NAME)";
				SWIFT_VERSION = 4.2;
				TARGETED_DEVICE_FAMILY = "1,2";
				TEST_HOST = "$(BUILT_PRODUCTS_DIR)/API_App.app/API_App";
			};
			name = Release;
		};
		14357D502190D5BD0016FEC1 /* Debug */ = {
			isa = XCBuildConfiguration;
			buildSettings = {
				ALWAYS_EMBED_SWIFT_STANDARD_LIBRARIES = YES;
				CODE_SIGN_STYLE = Automatic;
				INFOPLIST_FILE = API_AppUITests/Info.plist;
				LD_RUNPATH_SEARCH_PATHS = (
					"$(inherited)",
					"@executable_path/Frameworks",
					"@loader_path/Frameworks",
				);
				PRODUCT_BUNDLE_IDENTIFIER = "com.seancasaus.API-AppUITests";
				PRODUCT_NAME = "$(TARGET_NAME)";
				SWIFT_VERSION = 4.2;
				TARGETED_DEVICE_FAMILY = "1,2";
				TEST_TARGET_NAME = API_App;
			};
			name = Debug;
		};
		14357D512190D5BD0016FEC1 /* Release */ = {
			isa = XCBuildConfiguration;
			buildSettings = {
				ALWAYS_EMBED_SWIFT_STANDARD_LIBRARIES = YES;
				CODE_SIGN_STYLE = Automatic;
				INFOPLIST_FILE = API_AppUITests/Info.plist;
				LD_RUNPATH_SEARCH_PATHS = (
					"$(inherited)",
					"@executable_path/Frameworks",
					"@loader_path/Frameworks",
				);
				PRODUCT_BUNDLE_IDENTIFIER = "com.seancasaus.API-AppUITests";
				PRODUCT_NAME = "$(TARGET_NAME)";
				SWIFT_VERSION = 4.2;
				TARGETED_DEVICE_FAMILY = "1,2";
				TEST_TARGET_NAME = API_App;
			};
			name = Release;
		};
/* End XCBuildConfiguration section */

/* Begin XCConfigurationList section */
		14357D1C2190D5BA0016FEC1 /* Build configuration list for PBXProject "API_App" */ = {
			isa = XCConfigurationList;
			buildConfigurations = (
				14357D472190D5BD0016FEC1 /* Debug */,
				14357D482190D5BD0016FEC1 /* Release */,
			);
			defaultConfigurationIsVisible = 0;
			defaultConfigurationName = Release;
		};
		14357D492190D5BD0016FEC1 /* Build configuration list for PBXNativeTarget "API_App" */ = {
			isa = XCConfigurationList;
			buildConfigurations = (
				14357D4A2190D5BD0016FEC1 /* Debug */,
				14357D4B2190D5BD0016FEC1 /* Release */,
			);
			defaultConfigurationIsVisible = 0;
			defaultConfigurationName = Release;
		};
		14357D4C2190D5BD0016FEC1 /* Build configuration list for PBXNativeTarget "API_AppTests" */ = {
			isa = XCConfigurationList;
			buildConfigurations = (
				14357D4D2190D5BD0016FEC1 /* Debug */,
				14357D4E2190D5BD0016FEC1 /* Release */,
			);
			defaultConfigurationIsVisible = 0;
			defaultConfigurationName = Release;
		};
		14357D4F2190D5BD0016FEC1 /* Build configuration list for PBXNativeTarget "API_AppUITests" */ = {
			isa = XCConfigurationList;
			buildConfigurations = (
				14357D502190D5BD0016FEC1 /* Debug */,
				14357D512190D5BD0016FEC1 /* Release */,
			);
			defaultConfigurationIsVisible = 0;
			defaultConfigurationName = Release;
		};
/* End XCConfigurationList section */
	};
	rootObject = 14357D192190D5BA0016FEC1 /* Project object */;
}
