// !$*UTF8*$!
{
	archiveVersion = 1;
	classes = {
	};
	objectVersion = 50;
	objects = {

/* Begin PBXBuildFile section */
		1424ACB621366C140092FB24 /* BorderButton.swift in Sources */ = {isa = PBXBuildFile; fileRef = 1424ACB521366C140092FB24 /* BorderButton.swift */; };
		14CA6EA721346A520082A7B8 /* AppDelegate.swift in Sources */ = {isa = PBXBuildFile; fileRef = 14CA6EA621346A520082A7B8 /* AppDelegate.swift */; };
		14CA6EA921346A520082A7B8 /* ViewController.swift in Sources */ = {isa = PBXBuildFile; fileRef = 14CA6EA821346A520082A7B8 /* ViewController.swift */; };
		14CA6EAC21346A520082A7B8 /* Main.storyboard in Resources */ = {isa = PBXBuildFile; fileRef = 14CA6EAA21346A520082A7B8 /* Main.storyboard */; };
		14CA6EAE21346A550082A7B8 /* Assets.xcassets in Resources */ = {isa = PBXBuildFile; fileRef = 14CA6EAD21346A550082A7B8 /* Assets.xcassets */; };
		14CA6EB121346A550082A7B8 /* LaunchScreen.storyboard in Resources */ = {isa = PBXBuildFile; fileRef = 14CA6EAF21346A550082A7B8 /* LaunchScreen.storyboard */; };
		14CA6EBC21346A550082A7B8 /* swooshTests.swift in Sources */ = {isa = PBXBuildFile; fileRef = 14CA6EBB21346A550082A7B8 /* swooshTests.swift */; };
		14CA6EC721346A550082A7B8 /* swooshUITests.swift in Sources */ = {isa = PBXBuildFile; fileRef = 14CA6EC621346A550082A7B8 /* swooshUITests.swift */; };
/* End PBXBuildFile section */

/* Begin PBXContainerItemProxy section */
		14CA6EB821346A550082A7B8 /* PBXContainerItemProxy */ = {
			isa = PBXContainerItemProxy;
			containerPortal = 14CA6E9B21346A520082A7B8 /* Project object */;
			proxyType = 1;
			remoteGlobalIDString = 14CA6EA221346A520082A7B8;
			remoteInfo = swoosh;
		};
		14CA6EC321346A550082A7B8 /* PBXContainerItemProxy */ = {
			isa = PBXContainerItemProxy;
			containerPortal = 14CA6E9B21346A520082A7B8 /* Project object */;
			proxyType = 1;
			remoteGlobalIDString = 14CA6EA221346A520082A7B8;
			remoteInfo = swoosh;
		};
/* End PBXContainerItemProxy section */

/* Begin PBXFileReference section */
		1424ACB521366C140092FB24 /* BorderButton.swift */ = {isa = PBXFileReference; lastKnownFileType = sourcecode.swift; path = BorderButton.swift; sourceTree = "<group>"; };
		14CA6EA321346A520082A7B8 /* swoosh.app */ = {isa = PBXFileReference; explicitFileType = wrapper.application; includeInIndex = 0; path = swoosh.app; sourceTree = BUILT_PRODUCTS_DIR; };
		14CA6EA621346A520082A7B8 /* AppDelegate.swift */ = {isa = PBXFileReference; lastKnownFileType = sourcecode.swift; path = AppDelegate.swift; sourceTree = "<group>"; };
		14CA6EA821346A520082A7B8 /* ViewController.swift */ = {isa = PBXFileReference; lastKnownFileType = sourcecode.swift; path = ViewController.swift; sourceTree = "<group>"; };
		14CA6EAB21346A520082A7B8 /* Base */ = {isa = PBXFileReference; lastKnownFileType = file.storyboard; name = Base; path = Base.lproj/Main.storyboard; sourceTree = "<group>"; };
		14CA6EAD21346A550082A7B8 /* Assets.xcassets */ = {isa = PBXFileReference; lastKnownFileType = folder.assetcatalog; path = Assets.xcassets; sourceTree = "<group>"; };
		14CA6EB021346A550082A7B8 /* Base */ = {isa = PBXFileReference; lastKnownFileType = file.storyboard; name = Base; path = Base.lproj/LaunchScreen.storyboard; sourceTree = "<group>"; };
		14CA6EB221346A550082A7B8 /* Info.plist */ = {isa = PBXFileReference; lastKnownFileType = text.plist.xml; path = Info.plist; sourceTree = "<group>"; };
		14CA6EB721346A550082A7B8 /* swooshTests.xctest */ = {isa = PBXFileReference; explicitFileType = wrapper.cfbundle; includeInIndex = 0; path = swooshTests.xctest; sourceTree = BUILT_PRODUCTS_DIR; };
		14CA6EBB21346A550082A7B8 /* swooshTests.swift */ = {isa = PBXFileReference; lastKnownFileType = sourcecode.swift; path = swooshTests.swift; sourceTree = "<group>"; };
		14CA6EBD21346A550082A7B8 /* Info.plist */ = {isa = PBXFileReference; lastKnownFileType = text.plist.xml; path = Info.plist; sourceTree = "<group>"; };
		14CA6EC221346A550082A7B8 /* swooshUITests.xctest */ = {isa = PBXFileReference; explicitFileType = wrapper.cfbundle; includeInIndex = 0; path = swooshUITests.xctest; sourceTree = BUILT_PRODUCTS_DIR; };
		14CA6EC621346A550082A7B8 /* swooshUITests.swift */ = {isa = PBXFileReference; lastKnownFileType = sourcecode.swift; path = swooshUITests.swift; sourceTree = "<group>"; };
		14CA6EC821346A550082A7B8 /* Info.plist */ = {isa = PBXFileReference; lastKnownFileType = text.plist.xml; path = Info.plist; sourceTree = "<group>"; };
/* End PBXFileReference section */

/* Begin PBXFrameworksBuildPhase section */
		14CA6EA021346A520082A7B8 /* Frameworks */ = {
			isa = PBXFrameworksBuildPhase;
			buildActionMask = 2147483647;
			files = (
			);
			runOnlyForDeploymentPostprocessing = 0;
		};
		14CA6EB421346A550082A7B8 /* Frameworks */ = {
			isa = PBXFrameworksBuildPhase;
			buildActionMask = 2147483647;
			files = (
			);
			runOnlyForDeploymentPostprocessing = 0;
		};
		14CA6EBF21346A550082A7B8 /* Frameworks */ = {
			isa = PBXFrameworksBuildPhase;
			buildActionMask = 2147483647;
			files = (
			);
			runOnlyForDeploymentPostprocessing = 0;
		};
/* End PBXFrameworksBuildPhase section */

/* Begin PBXGroup section */
		1424ACB421366AFD0092FB24 /* Views */ = {
			isa = PBXGroup;
			children = (
				1424ACB521366C140092FB24 /* BorderButton.swift */,
			);
			path = Views;
			sourceTree = "<group>";
		};
		14CA6E9A21346A520082A7B8 = {
			isa = PBXGroup;
			children = (
				14CA6EA521346A520082A7B8 /* swoosh */,
				14CA6EBA21346A550082A7B8 /* swooshTests */,
				14CA6EC521346A550082A7B8 /* swooshUITests */,
				14CA6EA421346A520082A7B8 /* Products */,
			);
			sourceTree = "<group>";
		};
		14CA6EA421346A520082A7B8 /* Products */ = {
			isa = PBXGroup;
			children = (
				14CA6EA321346A520082A7B8 /* swoosh.app */,
				14CA6EB721346A550082A7B8 /* swooshTests.xctest */,
				14CA6EC221346A550082A7B8 /* swooshUITests.xctest */,
			);
			name = Products;
			sourceTree = "<group>";
		};
		14CA6EA521346A520082A7B8 /* swoosh */ = {
			isa = PBXGroup;
			children = (
				1424ACB421366AFD0092FB24 /* Views */,
				14CA6EA621346A520082A7B8 /* AppDelegate.swift */,
				14CA6EA821346A520082A7B8 /* ViewController.swift */,
				14CA6EAA21346A520082A7B8 /* Main.storyboard */,
				14CA6EAD21346A550082A7B8 /* Assets.xcassets */,
				14CA6EAF21346A550082A7B8 /* LaunchScreen.storyboard */,
				14CA6EB221346A550082A7B8 /* Info.plist */,
			);
			path = swoosh;
			sourceTree = "<group>";
		};
		14CA6EBA21346A550082A7B8 /* swooshTests */ = {
			isa = PBXGroup;
			children = (
				14CA6EBB21346A550082A7B8 /* swooshTests.swift */,
				14CA6EBD21346A550082A7B8 /* Info.plist */,
			);
			path = swooshTests;
			sourceTree = "<group>";
		};
		14CA6EC521346A550082A7B8 /* swooshUITests */ = {
			isa = PBXGroup;
			children = (
				14CA6EC621346A550082A7B8 /* swooshUITests.swift */,
				14CA6EC821346A550082A7B8 /* Info.plist */,
			);
			path = swooshUITests;
			sourceTree = "<group>";
		};
/* End PBXGroup section */

/* Begin PBXNativeTarget section */
		14CA6EA221346A520082A7B8 /* swoosh */ = {
			isa = PBXNativeTarget;
			buildConfigurationList = 14CA6ECB21346A550082A7B8 /* Build configuration list for PBXNativeTarget "swoosh" */;
			buildPhases = (
				14CA6E9F21346A520082A7B8 /* Sources */,
				14CA6EA021346A520082A7B8 /* Frameworks */,
				14CA6EA121346A520082A7B8 /* Resources */,
			);
			buildRules = (
			);
			dependencies = (
			);
			name = swoosh;
			productName = swoosh;
			productReference = 14CA6EA321346A520082A7B8 /* swoosh.app */;
			productType = "com.apple.product-type.application";
		};
		14CA6EB621346A550082A7B8 /* swooshTests */ = {
			isa = PBXNativeTarget;
			buildConfigurationList = 14CA6ECE21346A550082A7B8 /* Build configuration list for PBXNativeTarget "swooshTests" */;
			buildPhases = (
				14CA6EB321346A550082A7B8 /* Sources */,
				14CA6EB421346A550082A7B8 /* Frameworks */,
				14CA6EB521346A550082A7B8 /* Resources */,
			);
			buildRules = (
			);
			dependencies = (
				14CA6EB921346A550082A7B8 /* PBXTargetDependency */,
			);
			name = swooshTests;
			productName = swooshTests;
			productReference = 14CA6EB721346A550082A7B8 /* swooshTests.xctest */;
			productType = "com.apple.product-type.bundle.unit-test";
		};
		14CA6EC121346A550082A7B8 /* swooshUITests */ = {
			isa = PBXNativeTarget;
			buildConfigurationList = 14CA6ED121346A550082A7B8 /* Build configuration list for PBXNativeTarget "swooshUITests" */;
			buildPhases = (
				14CA6EBE21346A550082A7B8 /* Sources */,
				14CA6EBF21346A550082A7B8 /* Frameworks */,
				14CA6EC021346A550082A7B8 /* Resources */,
			);
			buildRules = (
			);
			dependencies = (
				14CA6EC421346A550082A7B8 /* PBXTargetDependency */,
			);
			name = swooshUITests;
			productName = swooshUITests;
			productReference = 14CA6EC221346A550082A7B8 /* swooshUITests.xctest */;
			productType = "com.apple.product-type.bundle.ui-testing";
		};
/* End PBXNativeTarget section */

/* Begin PBXProject section */
		14CA6E9B21346A520082A7B8 /* Project object */ = {
			isa = PBXProject;
			attributes = {
				LastSwiftUpdateCheck = 0940;
				LastUpgradeCheck = 0940;
				ORGANIZATIONNAME = "Sean Casaus";
				TargetAttributes = {
					14CA6EA221346A520082A7B8 = {
						CreatedOnToolsVersion = 9.4.1;
					};
					14CA6EB621346A550082A7B8 = {
						CreatedOnToolsVersion = 9.4.1;
						TestTargetID = 14CA6EA221346A520082A7B8;
					};
					14CA6EC121346A550082A7B8 = {
						CreatedOnToolsVersion = 9.4.1;
						TestTargetID = 14CA6EA221346A520082A7B8;
					};
				};
			};
			buildConfigurationList = 14CA6E9E21346A520082A7B8 /* Build configuration list for PBXProject "swoosh" */;
			compatibilityVersion = "Xcode 9.3";
			developmentRegion = en;
			hasScannedForEncodings = 0;
			knownRegions = (
				en,
				Base,
			);
			mainGroup = 14CA6E9A21346A520082A7B8;
			productRefGroup = 14CA6EA421346A520082A7B8 /* Products */;
			projectDirPath = "";
			projectRoot = "";
			targets = (
				14CA6EA221346A520082A7B8 /* swoosh */,
				14CA6EB621346A550082A7B8 /* swooshTests */,
				14CA6EC121346A550082A7B8 /* swooshUITests */,
			);
		};
/* End PBXProject section */

/* Begin PBXResourcesBuildPhase section */
		14CA6EA121346A520082A7B8 /* Resources */ = {
			isa = PBXResourcesBuildPhase;
			buildActionMask = 2147483647;
			files = (
				14CA6EB121346A550082A7B8 /* LaunchScreen.storyboard in Resources */,
				14CA6EAE21346A550082A7B8 /* Assets.xcassets in Resources */,
				14CA6EAC21346A520082A7B8 /* Main.storyboard in Resources */,
			);
			runOnlyForDeploymentPostprocessing = 0;
		};
		14CA6EB521346A550082A7B8 /* Resources */ = {
			isa = PBXResourcesBuildPhase;
			buildActionMask = 2147483647;
			files = (
			);
			runOnlyForDeploymentPostprocessing = 0;
		};
		14CA6EC021346A550082A7B8 /* Resources */ = {
			isa = PBXResourcesBuildPhase;
			buildActionMask = 2147483647;
			files = (
			);
			runOnlyForDeploymentPostprocessing = 0;
		};
/* End PBXResourcesBuildPhase section */

/* Begin PBXSourcesBuildPhase section */
		14CA6E9F21346A520082A7B8 /* Sources */ = {
			isa = PBXSourcesBuildPhase;
			buildActionMask = 2147483647;
			files = (
				14CA6EA921346A520082A7B8 /* ViewController.swift in Sources */,
				14CA6EA721346A520082A7B8 /* AppDelegate.swift in Sources */,
				1424ACB621366C140092FB24 /* BorderButton.swift in Sources */,
			);
			runOnlyForDeploymentPostprocessing = 0;
		};
		14CA6EB321346A550082A7B8 /* Sources */ = {
			isa = PBXSourcesBuildPhase;
			buildActionMask = 2147483647;
			files = (
				14CA6EBC21346A550082A7B8 /* swooshTests.swift in Sources */,
			);
			runOnlyForDeploymentPostprocessing = 0;
		};
		14CA6EBE21346A550082A7B8 /* Sources */ = {
			isa = PBXSourcesBuildPhase;
			buildActionMask = 2147483647;
			files = (
				14CA6EC721346A550082A7B8 /* swooshUITests.swift in Sources */,
			);
			runOnlyForDeploymentPostprocessing = 0;
		};
/* End PBXSourcesBuildPhase section */

/* Begin PBXTargetDependency section */
		14CA6EB921346A550082A7B8 /* PBXTargetDependency */ = {
			isa = PBXTargetDependency;
			target = 14CA6EA221346A520082A7B8 /* swoosh */;
			targetProxy = 14CA6EB821346A550082A7B8 /* PBXContainerItemProxy */;
		};
		14CA6EC421346A550082A7B8 /* PBXTargetDependency */ = {
			isa = PBXTargetDependency;
			target = 14CA6EA221346A520082A7B8 /* swoosh */;
			targetProxy = 14CA6EC321346A550082A7B8 /* PBXContainerItemProxy */;
		};
/* End PBXTargetDependency section */

/* Begin PBXVariantGroup section */
		14CA6EAA21346A520082A7B8 /* Main.storyboard */ = {
			isa = PBXVariantGroup;
			children = (
				14CA6EAB21346A520082A7B8 /* Base */,
			);
			name = Main.storyboard;
			sourceTree = "<group>";
		};
		14CA6EAF21346A550082A7B8 /* LaunchScreen.storyboard */ = {
			isa = PBXVariantGroup;
			children = (
				14CA6EB021346A550082A7B8 /* Base */,
			);
			name = LaunchScreen.storyboard;
			sourceTree = "<group>";
		};
/* End PBXVariantGroup section */

/* Begin XCBuildConfiguration section */
		14CA6EC921346A550082A7B8 /* Debug */ = {
			isa = XCBuildConfiguration;
			buildSettings = {
				ALWAYS_SEARCH_USER_PATHS = NO;
				CLANG_ANALYZER_NONNULL = YES;
				CLANG_ANALYZER_NUMBER_OBJECT_CONVERSION = YES_AGGRESSIVE;
				CLANG_CXX_LANGUAGE_STANDARD = "gnu++14";
				CLANG_CXX_LIBRARY = "libc++";
				CLANG_ENABLE_MODULES = YES;
				CLANG_ENABLE_OBJC_ARC = YES;
				CLANG_ENABLE_OBJC_WEAK = YES;
				CLANG_WARN_BLOCK_CAPTURE_AUTORELEASING = YES;
				CLANG_WARN_BOOL_CONVERSION = YES;
				CLANG_WARN_COMMA = YES;
				CLANG_WARN_CONSTANT_CONVERSION = YES;
				CLANG_WARN_DEPRECATED_OBJC_IMPLEMENTATIONS = YES;
				CLANG_WARN_DIRECT_OBJC_ISA_USAGE = YES_ERROR;
				CLANG_WARN_DOCUMENTATION_COMMENTS = YES;
				CLANG_WARN_EMPTY_BODY = YES;
				CLANG_WARN_ENUM_CONVERSION = YES;
				CLANG_WARN_INFINITE_RECURSION = YES;
				CLANG_WARN_INT_CONVERSION = YES;
				CLANG_WARN_NON_LITERAL_NULL_CONVERSION = YES;
				CLANG_WARN_OBJC_IMPLICIT_RETAIN_SELF = YES;
				CLANG_WARN_OBJC_LITERAL_CONVERSION = YES;
				CLANG_WARN_OBJC_ROOT_CLASS = YES_ERROR;
				CLANG_WARN_RANGE_LOOP_ANALYSIS = YES;
				CLANG_WARN_STRICT_PROTOTYPES = YES;
				CLANG_WARN_SUSPICIOUS_MOVE = YES;
				CLANG_WARN_UNGUARDED_AVAILABILITY = YES_AGGRESSIVE;
				CLANG_WARN_UNREACHABLE_CODE = YES;
				CLANG_WARN__DUPLICATE_METHOD_MATCH = YES;
				CODE_SIGN_IDENTITY = "iPhone Developer";
				COPY_PHASE_STRIP = NO;
				DEBUG_INFORMATION_FORMAT = dwarf;
				ENABLE_STRICT_OBJC_MSGSEND = YES;
				ENABLE_TESTABILITY = YES;
				GCC_C_LANGUAGE_STANDARD = gnu11;
				GCC_DYNAMIC_NO_PIC = NO;
				GCC_NO_COMMON_BLOCKS = YES;
				GCC_OPTIMIZATION_LEVEL = 0;
				GCC_PREPROCESSOR_DEFINITIONS = (
					"DEBUG=1",
					"$(inherited)",
				);
				GCC_WARN_64_TO_32_BIT_CONVERSION = YES;
				GCC_WARN_ABOUT_RETURN_TYPE = YES_ERROR;
				GCC_WARN_UNDECLARED_SELECTOR = YES;
				GCC_WARN_UNINITIALIZED_AUTOS = YES_AGGRESSIVE;
				GCC_WARN_UNUSED_FUNCTION = YES;
				GCC_WARN_UNUSED_VARIABLE = YES;
				IPHONEOS_DEPLOYMENT_TARGET = 11.4;
				MTL_ENABLE_DEBUG_INFO = YES;
				ONLY_ACTIVE_ARCH = YES;
				SDKROOT = iphoneos;
				SWIFT_ACTIVE_COMPILATION_CONDITIONS = DEBUG;
				SWIFT_OPTIMIZATION_LEVEL = "-Onone";
			};
			name = Debug;
		};
		14CA6ECA21346A550082A7B8 /* Release */ = {
			isa = XCBuildConfiguration;
			buildSettings = {
				ALWAYS_SEARCH_USER_PATHS = NO;
				CLANG_ANALYZER_NONNULL = YES;
				CLANG_ANALYZER_NUMBER_OBJECT_CONVERSION = YES_AGGRESSIVE;
				CLANG_CXX_LANGUAGE_STANDARD = "gnu++14";
				CLANG_CXX_LIBRARY = "libc++";
				CLANG_ENABLE_MODULES = YES;
				CLANG_ENABLE_OBJC_ARC = YES;
				CLANG_ENABLE_OBJC_WEAK = YES;
				CLANG_WARN_BLOCK_CAPTURE_AUTORELEASING = YES;
				CLANG_WARN_BOOL_CONVERSION = YES;
				CLANG_WARN_COMMA = YES;
				CLANG_WARN_CONSTANT_CONVERSION = YES;
				CLANG_WARN_DEPRECATED_OBJC_IMPLEMENTATIONS = YES;
				CLANG_WARN_DIRECT_OBJC_ISA_USAGE = YES_ERROR;
				CLANG_WARN_DOCUMENTATION_COMMENTS = YES;
				CLANG_WARN_EMPTY_BODY = YES;
				CLANG_WARN_ENUM_CONVERSION = YES;
				CLANG_WARN_INFINITE_RECURSION = YES;
				CLANG_WARN_INT_CONVERSION = YES;
				CLANG_WARN_NON_LITERAL_NULL_CONVERSION = YES;
				CLANG_WARN_OBJC_IMPLICIT_RETAIN_SELF = YES;
				CLANG_WARN_OBJC_LITERAL_CONVERSION = YES;
				CLANG_WARN_OBJC_ROOT_CLASS = YES_ERROR;
				CLANG_WARN_RANGE_LOOP_ANALYSIS = YES;
				CLANG_WARN_STRICT_PROTOTYPES = YES;
				CLANG_WARN_SUSPICIOUS_MOVE = YES;
				CLANG_WARN_UNGUARDED_AVAILABILITY = YES_AGGRESSIVE;
				CLANG_WARN_UNREACHABLE_CODE = YES;
				CLANG_WARN__DUPLICATE_METHOD_MATCH = YES;
				CODE_SIGN_IDENTITY = "iPhone Developer";
				COPY_PHASE_STRIP = NO;
				DEBUG_INFORMATION_FORMAT = "dwarf-with-dsym";
				ENABLE_NS_ASSERTIONS = NO;
				ENABLE_STRICT_OBJC_MSGSEND = YES;
				GCC_C_LANGUAGE_STANDARD = gnu11;
				GCC_NO_COMMON_BLOCKS = YES;
				GCC_WARN_64_TO_32_BIT_CONVERSION = YES;
				GCC_WARN_ABOUT_RETURN_TYPE = YES_ERROR;
				GCC_WARN_UNDECLARED_SELECTOR = YES;
				GCC_WARN_UNINITIALIZED_AUTOS = YES_AGGRESSIVE;
				GCC_WARN_UNUSED_FUNCTION = YES;
				GCC_WARN_UNUSED_VARIABLE = YES;
				IPHONEOS_DEPLOYMENT_TARGET = 11.4;
				MTL_ENABLE_DEBUG_INFO = NO;
				SDKROOT = iphoneos;
				SWIFT_COMPILATION_MODE = wholemodule;
				SWIFT_OPTIMIZATION_LEVEL = "-O";
				VALIDATE_PRODUCT = YES;
			};
			name = Release;
		};
		14CA6ECC21346A550082A7B8 /* Debug */ = {
			isa = XCBuildConfiguration;
			buildSettings = {
				ASSETCATALOG_COMPILER_APPICON_NAME = AppIcon;
				CODE_SIGN_STYLE = Automatic;
				INFOPLIST_FILE = swoosh/Info.plist;
				LD_RUNPATH_SEARCH_PATHS = (
					"$(inherited)",
					"@executable_path/Frameworks",
				);
				PRODUCT_BUNDLE_IDENTIFIER = com.seancasaus.swoosh;
				PRODUCT_NAME = "$(TARGET_NAME)";
				SWIFT_VERSION = 4.0;
				TARGETED_DEVICE_FAMILY = "1,2";
			};
			name = Debug;
		};
		14CA6ECD21346A550082A7B8 /* Release */ = {
			isa = XCBuildConfiguration;
			buildSettings = {
				ASSETCATALOG_COMPILER_APPICON_NAME = AppIcon;
				CODE_SIGN_STYLE = Automatic;
				INFOPLIST_FILE = swoosh/Info.plist;
				LD_RUNPATH_SEARCH_PATHS = (
					"$(inherited)",
					"@executable_path/Frameworks",
				);
				PRODUCT_BUNDLE_IDENTIFIER = com.seancasaus.swoosh;
				PRODUCT_NAME = "$(TARGET_NAME)";
				SWIFT_VERSION = 4.0;
				TARGETED_DEVICE_FAMILY = "1,2";
			};
			name = Release;
		};
		14CA6ECF21346A550082A7B8 /* Debug */ = {
			isa = XCBuildConfiguration;
			buildSettings = {
				ALWAYS_EMBED_SWIFT_STANDARD_LIBRARIES = YES;
				BUNDLE_LOADER = "$(TEST_HOST)";
				CODE_SIGN_STYLE = Automatic;
				INFOPLIST_FILE = swooshTests/Info.plist;
				LD_RUNPATH_SEARCH_PATHS = (
					"$(inherited)",
					"@executable_path/Frameworks",
					"@loader_path/Frameworks",
				);
				PRODUCT_BUNDLE_IDENTIFIER = com.seancasaus.swooshTests;
				PRODUCT_NAME = "$(TARGET_NAME)";
				SWIFT_VERSION = 4.0;
				TARGETED_DEVICE_FAMILY = "1,2";
				TEST_HOST = "$(BUILT_PRODUCTS_DIR)/swoosh.app/swoosh";
			};
			name = Debug;
		};
		14CA6ED021346A550082A7B8 /* Release */ = {
			isa = XCBuildConfiguration;
			buildSettings = {
				ALWAYS_EMBED_SWIFT_STANDARD_LIBRARIES = YES;
				BUNDLE_LOADER = "$(TEST_HOST)";
				CODE_SIGN_STYLE = Automatic;
				INFOPLIST_FILE = swooshTests/Info.plist;
				LD_RUNPATH_SEARCH_PATHS = (
					"$(inherited)",
					"@executable_path/Frameworks",
					"@loader_path/Frameworks",
				);
				PRODUCT_BUNDLE_IDENTIFIER = com.seancasaus.swooshTests;
				PRODUCT_NAME = "$(TARGET_NAME)";
				SWIFT_VERSION = 4.0;
				TARGETED_DEVICE_FAMILY = "1,2";
				TEST_HOST = "$(BUILT_PRODUCTS_DIR)/swoosh.app/swoosh";
			};
			name = Release;
		};
		14CA6ED221346A550082A7B8 /* Debug */ = {
			isa = XCBuildConfiguration;
			buildSettings = {
				ALWAYS_EMBED_SWIFT_STANDARD_LIBRARIES = YES;
				CODE_SIGN_STYLE = Automatic;
				INFOPLIST_FILE = swooshUITests/Info.plist;
				LD_RUNPATH_SEARCH_PATHS = (
					"$(inherited)",
					"@executable_path/Frameworks",
					"@loader_path/Frameworks",
				);
				PRODUCT_BUNDLE_IDENTIFIER = com.seancasaus.swooshUITests;
				PRODUCT_NAME = "$(TARGET_NAME)";
				SWIFT_VERSION = 4.0;
				TARGETED_DEVICE_FAMILY = "1,2";
				TEST_TARGET_NAME = swoosh;
			};
			name = Debug;
		};
		14CA6ED321346A550082A7B8 /* Release */ = {
			isa = XCBuildConfiguration;
			buildSettings = {
				ALWAYS_EMBED_SWIFT_STANDARD_LIBRARIES = YES;
				CODE_SIGN_STYLE = Automatic;
				INFOPLIST_FILE = swooshUITests/Info.plist;
				LD_RUNPATH_SEARCH_PATHS = (
					"$(inherited)",
					"@executable_path/Frameworks",
					"@loader_path/Frameworks",
				);
				PRODUCT_BUNDLE_IDENTIFIER = com.seancasaus.swooshUITests;
				PRODUCT_NAME = "$(TARGET_NAME)";
				SWIFT_VERSION = 4.0;
				TARGETED_DEVICE_FAMILY = "1,2";
				TEST_TARGET_NAME = swoosh;
			};
			name = Release;
		};
/* End XCBuildConfiguration section */

/* Begin XCConfigurationList section */
		14CA6E9E21346A520082A7B8 /* Build configuration list for PBXProject "swoosh" */ = {
			isa = XCConfigurationList;
			buildConfigurations = (
				14CA6EC921346A550082A7B8 /* Debug */,
				14CA6ECA21346A550082A7B8 /* Release */,
			);
			defaultConfigurationIsVisible = 0;
			defaultConfigurationName = Release;
		};
		14CA6ECB21346A550082A7B8 /* Build configuration list for PBXNativeTarget "swoosh" */ = {
			isa = XCConfigurationList;
			buildConfigurations = (
				14CA6ECC21346A550082A7B8 /* Debug */,
				14CA6ECD21346A550082A7B8 /* Release */,
			);
			defaultConfigurationIsVisible = 0;
			defaultConfigurationName = Release;
		};
		14CA6ECE21346A550082A7B8 /* Build configuration list for PBXNativeTarget "swooshTests" */ = {
			isa = XCConfigurationList;
			buildConfigurations = (
				14CA6ECF21346A550082A7B8 /* Debug */,
				14CA6ED021346A550082A7B8 /* Release */,
			);
			defaultConfigurationIsVisible = 0;
			defaultConfigurationName = Release;
		};
		14CA6ED121346A550082A7B8 /* Build configuration list for PBXNativeTarget "swooshUITests" */ = {
			isa = XCConfigurationList;
			buildConfigurations = (
				14CA6ED221346A550082A7B8 /* Debug */,
				14CA6ED321346A550082A7B8 /* Release */,
			);
			defaultConfigurationIsVisible = 0;
			defaultConfigurationName = Release;
		};
/* End XCConfigurationList section */
	};
	rootObject = 14CA6E9B21346A520082A7B8 /* Project object */;
}
