// !$*UTF8*$!
{
	archiveVersion = 1;
	classes = {
	};
	objectVersion = 50;
	objects = {

/* Begin PBXBuildFile section */
		14A0B8DB215F0C8E00EFE6A1 /* AppDelegate.swift in Sources */ = {isa = PBXBuildFile; fileRef = 14A0B8DA215F0C8E00EFE6A1 /* AppDelegate.swift */; };
		14A0B8DD215F0C8E00EFE6A1 /* ViewController.swift in Sources */ = {isa = PBXBuildFile; fileRef = 14A0B8DC215F0C8E00EFE6A1 /* ViewController.swift */; };
		14A0B8E0215F0C8E00EFE6A1 /* Main.storyboard in Resources */ = {isa = PBXBuildFile; fileRef = 14A0B8DE215F0C8E00EFE6A1 /* Main.storyboard */; };
		14A0B8E2215F0C9100EFE6A1 /* Assets.xcassets in Resources */ = {isa = PBXBuildFile; fileRef = 14A0B8E1215F0C9100EFE6A1 /* Assets.xcassets */; };
		14A0B8E5215F0C9100EFE6A1 /* LaunchScreen.storyboard in Resources */ = {isa = PBXBuildFile; fileRef = 14A0B8E3215F0C9100EFE6A1 /* LaunchScreen.storyboard */; };
		14A0B8F0215F0C9100EFE6A1 /* TableViewTests.swift in Sources */ = {isa = PBXBuildFile; fileRef = 14A0B8EF215F0C9100EFE6A1 /* TableViewTests.swift */; };
		14A0B8FB215F0C9100EFE6A1 /* TableViewUITests.swift in Sources */ = {isa = PBXBuildFile; fileRef = 14A0B8FA215F0C9100EFE6A1 /* TableViewUITests.swift */; };
		14A0B90D215F1DE300EFE6A1 /* Model.swift in Sources */ = {isa = PBXBuildFile; fileRef = 14A0B90C215F1DE300EFE6A1 /* Model.swift */; };
		14AEE7702186A85000305C77 /* Button.swift in Sources */ = {isa = PBXBuildFile; fileRef = 14AEE76F2186A84F00305C77 /* Button.swift */; };
		14E2EBDB217D723E0012A32E /* CityController.swift in Sources */ = {isa = PBXBuildFile; fileRef = 14E2EBDA217D723E0012A32E /* CityController.swift */; };
/* End PBXBuildFile section */

/* Begin PBXContainerItemProxy section */
		14A0B8EC215F0C9100EFE6A1 /* PBXContainerItemProxy */ = {
			isa = PBXContainerItemProxy;
			containerPortal = 14A0B8CF215F0C8E00EFE6A1 /* Project object */;
			proxyType = 1;
			remoteGlobalIDString = 14A0B8D6215F0C8E00EFE6A1;
			remoteInfo = TableView;
		};
		14A0B8F7215F0C9100EFE6A1 /* PBXContainerItemProxy */ = {
			isa = PBXContainerItemProxy;
			containerPortal = 14A0B8CF215F0C8E00EFE6A1 /* Project object */;
			proxyType = 1;
			remoteGlobalIDString = 14A0B8D6215F0C8E00EFE6A1;
			remoteInfo = TableView;
		};
/* End PBXContainerItemProxy section */

/* Begin PBXFileReference section */
		14A0B8D7215F0C8E00EFE6A1 /* TableView.app */ = {isa = PBXFileReference; explicitFileType = wrapper.application; includeInIndex = 0; path = TableView.app; sourceTree = BUILT_PRODUCTS_DIR; };
		14A0B8DA215F0C8E00EFE6A1 /* AppDelegate.swift */ = {isa = PBXFileReference; lastKnownFileType = sourcecode.swift; path = AppDelegate.swift; sourceTree = "<group>"; };
		14A0B8DC215F0C8E00EFE6A1 /* ViewController.swift */ = {isa = PBXFileReference; lastKnownFileType = sourcecode.swift; path = ViewController.swift; sourceTree = "<group>"; };
		14A0B8DF215F0C8E00EFE6A1 /* Base */ = {isa = PBXFileReference; lastKnownFileType = file.storyboard; name = Base; path = Base.lproj/Main.storyboard; sourceTree = "<group>"; };
		14A0B8E1215F0C9100EFE6A1 /* Assets.xcassets */ = {isa = PBXFileReference; lastKnownFileType = folder.assetcatalog; path = Assets.xcassets; sourceTree = "<group>"; };
		14A0B8E4215F0C9100EFE6A1 /* Base */ = {isa = PBXFileReference; lastKnownFileType = file.storyboard; name = Base; path = Base.lproj/LaunchScreen.storyboard; sourceTree = "<group>"; };
		14A0B8E6215F0C9100EFE6A1 /* Info.plist */ = {isa = PBXFileReference; lastKnownFileType = text.plist.xml; path = Info.plist; sourceTree = "<group>"; };
		14A0B8EB215F0C9100EFE6A1 /* TableViewTests.xctest */ = {isa = PBXFileReference; explicitFileType = wrapper.cfbundle; includeInIndex = 0; path = TableViewTests.xctest; sourceTree = BUILT_PRODUCTS_DIR; };
		14A0B8EF215F0C9100EFE6A1 /* TableViewTests.swift */ = {isa = PBXFileReference; lastKnownFileType = sourcecode.swift; path = TableViewTests.swift; sourceTree = "<group>"; };
		14A0B8F1215F0C9100EFE6A1 /* Info.plist */ = {isa = PBXFileReference; lastKnownFileType = text.plist.xml; path = Info.plist; sourceTree = "<group>"; };
		14A0B8F6215F0C9100EFE6A1 /* TableViewUITests.xctest */ = {isa = PBXFileReference; explicitFileType = wrapper.cfbundle; includeInIndex = 0; path = TableViewUITests.xctest; sourceTree = BUILT_PRODUCTS_DIR; };
		14A0B8FA215F0C9100EFE6A1 /* TableViewUITests.swift */ = {isa = PBXFileReference; lastKnownFileType = sourcecode.swift; path = TableViewUITests.swift; sourceTree = "<group>"; };
		14A0B8FC215F0C9100EFE6A1 /* Info.plist */ = {isa = PBXFileReference; lastKnownFileType = text.plist.xml; path = Info.plist; sourceTree = "<group>"; };
		14A0B90C215F1DE300EFE6A1 /* Model.swift */ = {isa = PBXFileReference; lastKnownFileType = sourcecode.swift; path = Model.swift; sourceTree = "<group>"; };
		14AEE76F2186A84F00305C77 /* Button.swift */ = {isa = PBXFileReference; lastKnownFileType = sourcecode.swift; path = Button.swift; sourceTree = "<group>"; };
		14E2EBDA217D723E0012A32E /* CityController.swift */ = {isa = PBXFileReference; lastKnownFileType = sourcecode.swift; path = CityController.swift; sourceTree = "<group>"; };
/* End PBXFileReference section */

/* Begin PBXFrameworksBuildPhase section */
		14A0B8D4215F0C8E00EFE6A1 /* Frameworks */ = {
			isa = PBXFrameworksBuildPhase;
			buildActionMask = 2147483647;
			files = (
			);
			runOnlyForDeploymentPostprocessing = 0;
		};
		14A0B8E8215F0C9100EFE6A1 /* Frameworks */ = {
			isa = PBXFrameworksBuildPhase;
			buildActionMask = 2147483647;
			files = (
			);
			runOnlyForDeploymentPostprocessing = 0;
		};
		14A0B8F3215F0C9100EFE6A1 /* Frameworks */ = {
			isa = PBXFrameworksBuildPhase;
			buildActionMask = 2147483647;
			files = (
			);
			runOnlyForDeploymentPostprocessing = 0;
		};
/* End PBXFrameworksBuildPhase section */

/* Begin PBXGroup section */
		14A0B8CE215F0C8E00EFE6A1 = {
			isa = PBXGroup;
			children = (
				14A0B8D9215F0C8E00EFE6A1 /* TableView */,
				14A0B8EE215F0C9100EFE6A1 /* TableViewTests */,
				14A0B8F9215F0C9100EFE6A1 /* TableViewUITests */,
				14A0B8D8215F0C8E00EFE6A1 /* Products */,
			);
			sourceTree = "<group>";
		};
		14A0B8D8215F0C8E00EFE6A1 /* Products */ = {
			isa = PBXGroup;
			children = (
				14A0B8D7215F0C8E00EFE6A1 /* TableView.app */,
				14A0B8EB215F0C9100EFE6A1 /* TableViewTests.xctest */,
				14A0B8F6215F0C9100EFE6A1 /* TableViewUITests.xctest */,
			);
			name = Products;
			sourceTree = "<group>";
		};
		14A0B8D9215F0C8E00EFE6A1 /* TableView */ = {
			isa = PBXGroup;
			children = (
				14A0B8DA215F0C8E00EFE6A1 /* AppDelegate.swift */,
				14AEE76F2186A84F00305C77 /* Button.swift */,
				14A0B8DC215F0C8E00EFE6A1 /* ViewController.swift */,
				14E2EBDA217D723E0012A32E /* CityController.swift */,
				14A0B90C215F1DE300EFE6A1 /* Model.swift */,
				14A0B8DE215F0C8E00EFE6A1 /* Main.storyboard */,
				14A0B8E1215F0C9100EFE6A1 /* Assets.xcassets */,
				14A0B8E3215F0C9100EFE6A1 /* LaunchScreen.storyboard */,
				14A0B8E6215F0C9100EFE6A1 /* Info.plist */,
			);
			path = TableView;
			sourceTree = "<group>";
		};
		14A0B8EE215F0C9100EFE6A1 /* TableViewTests */ = {
			isa = PBXGroup;
			children = (
				14A0B8EF215F0C9100EFE6A1 /* TableViewTests.swift */,
				14A0B8F1215F0C9100EFE6A1 /* Info.plist */,
			);
			path = TableViewTests;
			sourceTree = "<group>";
		};
		14A0B8F9215F0C9100EFE6A1 /* TableViewUITests */ = {
			isa = PBXGroup;
			children = (
				14A0B8FA215F0C9100EFE6A1 /* TableViewUITests.swift */,
				14A0B8FC215F0C9100EFE6A1 /* Info.plist */,
			);
			path = TableViewUITests;
			sourceTree = "<group>";
		};
/* End PBXGroup section */

/* Begin PBXNativeTarget section */
		14A0B8D6215F0C8E00EFE6A1 /* TableView */ = {
			isa = PBXNativeTarget;
			buildConfigurationList = 14A0B8FF215F0C9100EFE6A1 /* Build configuration list for PBXNativeTarget "TableView" */;
			buildPhases = (
				14A0B8D3215F0C8E00EFE6A1 /* Sources */,
				14A0B8D4215F0C8E00EFE6A1 /* Frameworks */,
				14A0B8D5215F0C8E00EFE6A1 /* Resources */,
			);
			buildRules = (
			);
			dependencies = (
			);
			name = TableView;
			productName = TableView;
			productReference = 14A0B8D7215F0C8E00EFE6A1 /* TableView.app */;
			productType = "com.apple.product-type.application";
		};
		14A0B8EA215F0C9100EFE6A1 /* TableViewTests */ = {
			isa = PBXNativeTarget;
			buildConfigurationList = 14A0B902215F0C9100EFE6A1 /* Build configuration list for PBXNativeTarget "TableViewTests" */;
			buildPhases = (
				14A0B8E7215F0C9100EFE6A1 /* Sources */,
				14A0B8E8215F0C9100EFE6A1 /* Frameworks */,
				14A0B8E9215F0C9100EFE6A1 /* Resources */,
			);
			buildRules = (
			);
			dependencies = (
				14A0B8ED215F0C9100EFE6A1 /* PBXTargetDependency */,
			);
			name = TableViewTests;
			productName = TableViewTests;
			productReference = 14A0B8EB215F0C9100EFE6A1 /* TableViewTests.xctest */;
			productType = "com.apple.product-type.bundle.unit-test";
		};
		14A0B8F5215F0C9100EFE6A1 /* TableViewUITests */ = {
			isa = PBXNativeTarget;
			buildConfigurationList = 14A0B905215F0C9100EFE6A1 /* Build configuration list for PBXNativeTarget "TableViewUITests" */;
			buildPhases = (
				14A0B8F2215F0C9100EFE6A1 /* Sources */,
				14A0B8F3215F0C9100EFE6A1 /* Frameworks */,
				14A0B8F4215F0C9100EFE6A1 /* Resources */,
			);
			buildRules = (
			);
			dependencies = (
				14A0B8F8215F0C9100EFE6A1 /* PBXTargetDependency */,
			);
			name = TableViewUITests;
			productName = TableViewUITests;
			productReference = 14A0B8F6215F0C9100EFE6A1 /* TableViewUITests.xctest */;
			productType = "com.apple.product-type.bundle.ui-testing";
		};
/* End PBXNativeTarget section */

/* Begin PBXProject section */
		14A0B8CF215F0C8E00EFE6A1 /* Project object */ = {
			isa = PBXProject;
			attributes = {
				LastSwiftUpdateCheck = 0940;
				LastUpgradeCheck = 0940;
				ORGANIZATIONNAME = "Sean Casaus";
				TargetAttributes = {
					14A0B8D6215F0C8E00EFE6A1 = {
						CreatedOnToolsVersion = 9.4.1;
					};
					14A0B8EA215F0C9100EFE6A1 = {
						CreatedOnToolsVersion = 9.4.1;
						TestTargetID = 14A0B8D6215F0C8E00EFE6A1;
					};
					14A0B8F5215F0C9100EFE6A1 = {
						CreatedOnToolsVersion = 9.4.1;
						TestTargetID = 14A0B8D6215F0C8E00EFE6A1;
					};
				};
			};
			buildConfigurationList = 14A0B8D2215F0C8E00EFE6A1 /* Build configuration list for PBXProject "TableView" */;
			compatibilityVersion = "Xcode 9.3";
			developmentRegion = en;
			hasScannedForEncodings = 0;
			knownRegions = (
				en,
				Base,
			);
			mainGroup = 14A0B8CE215F0C8E00EFE6A1;
			productRefGroup = 14A0B8D8215F0C8E00EFE6A1 /* Products */;
			projectDirPath = "";
			projectRoot = "";
			targets = (
				14A0B8D6215F0C8E00EFE6A1 /* TableView */,
				14A0B8EA215F0C9100EFE6A1 /* TableViewTests */,
				14A0B8F5215F0C9100EFE6A1 /* TableViewUITests */,
			);
		};
/* End PBXProject section */

/* Begin PBXResourcesBuildPhase section */
		14A0B8D5215F0C8E00EFE6A1 /* Resources */ = {
			isa = PBXResourcesBuildPhase;
			buildActionMask = 2147483647;
			files = (
				14A0B8E5215F0C9100EFE6A1 /* LaunchScreen.storyboard in Resources */,
				14A0B8E2215F0C9100EFE6A1 /* Assets.xcassets in Resources */,
				14A0B8E0215F0C8E00EFE6A1 /* Main.storyboard in Resources */,
			);
			runOnlyForDeploymentPostprocessing = 0;
		};
		14A0B8E9215F0C9100EFE6A1 /* Resources */ = {
			isa = PBXResourcesBuildPhase;
			buildActionMask = 2147483647;
			files = (
			);
			runOnlyForDeploymentPostprocessing = 0;
		};
		14A0B8F4215F0C9100EFE6A1 /* Resources */ = {
			isa = PBXResourcesBuildPhase;
			buildActionMask = 2147483647;
			files = (
			);
			runOnlyForDeploymentPostprocessing = 0;
		};
/* End PBXResourcesBuildPhase section */

/* Begin PBXSourcesBuildPhase section */
		14A0B8D3215F0C8E00EFE6A1 /* Sources */ = {
			isa = PBXSourcesBuildPhase;
			buildActionMask = 2147483647;
			files = (
				14AEE7702186A85000305C77 /* Button.swift in Sources */,
				14E2EBDB217D723E0012A32E /* CityController.swift in Sources */,
				14A0B8DD215F0C8E00EFE6A1 /* ViewController.swift in Sources */,
				14A0B8DB215F0C8E00EFE6A1 /* AppDelegate.swift in Sources */,
				14A0B90D215F1DE300EFE6A1 /* Model.swift in Sources */,
			);
			runOnlyForDeploymentPostprocessing = 0;
		};
		14A0B8E7215F0C9100EFE6A1 /* Sources */ = {
			isa = PBXSourcesBuildPhase;
			buildActionMask = 2147483647;
			files = (
				14A0B8F0215F0C9100EFE6A1 /* TableViewTests.swift in Sources */,
			);
			runOnlyForDeploymentPostprocessing = 0;
		};
		14A0B8F2215F0C9100EFE6A1 /* Sources */ = {
			isa = PBXSourcesBuildPhase;
			buildActionMask = 2147483647;
			files = (
				14A0B8FB215F0C9100EFE6A1 /* TableViewUITests.swift in Sources */,
			);
			runOnlyForDeploymentPostprocessing = 0;
		};
/* End PBXSourcesBuildPhase section */

/* Begin PBXTargetDependency section */
		14A0B8ED215F0C9100EFE6A1 /* PBXTargetDependency */ = {
			isa = PBXTargetDependency;
			target = 14A0B8D6215F0C8E00EFE6A1 /* TableView */;
			targetProxy = 14A0B8EC215F0C9100EFE6A1 /* PBXContainerItemProxy */;
		};
		14A0B8F8215F0C9100EFE6A1 /* PBXTargetDependency */ = {
			isa = PBXTargetDependency;
			target = 14A0B8D6215F0C8E00EFE6A1 /* TableView */;
			targetProxy = 14A0B8F7215F0C9100EFE6A1 /* PBXContainerItemProxy */;
		};
/* End PBXTargetDependency section */

/* Begin PBXVariantGroup section */
		14A0B8DE215F0C8E00EFE6A1 /* Main.storyboard */ = {
			isa = PBXVariantGroup;
			children = (
				14A0B8DF215F0C8E00EFE6A1 /* Base */,
			);
			name = Main.storyboard;
			sourceTree = "<group>";
		};
		14A0B8E3215F0C9100EFE6A1 /* LaunchScreen.storyboard */ = {
			isa = PBXVariantGroup;
			children = (
				14A0B8E4215F0C9100EFE6A1 /* Base */,
			);
			name = LaunchScreen.storyboard;
			sourceTree = "<group>";
		};
/* End PBXVariantGroup section */

/* Begin XCBuildConfiguration section */
		14A0B8FD215F0C9100EFE6A1 /* Debug */ = {
			isa = XCBuildConfiguration;
			buildSettings = {
				ALWAYS_SEARCH_USER_PATHS = NO;
				CLANG_ANALYZER_NONNULL = YES;
				CLANG_ANALYZER_NUMBER_OBJECT_CONVERSION = YES_AGGRESSIVE;
				CLANG_CXX_LANGUAGE_STANDARD = "gnu++14";
				CLANG_CXX_LIBRARY = "libc++";
				CLANG_ENABLE_MODULES = YES;
				CLANG_ENABLE_OBJC_ARC = YES;
				CLANG_ENABLE_OBJC_WEAK = YES;
				CLANG_WARN_BLOCK_CAPTURE_AUTORELEASING = YES;
				CLANG_WARN_BOOL_CONVERSION = YES;
				CLANG_WARN_COMMA = YES;
				CLANG_WARN_CONSTANT_CONVERSION = YES;
				CLANG_WARN_DEPRECATED_OBJC_IMPLEMENTATIONS = YES;
				CLANG_WARN_DIRECT_OBJC_ISA_USAGE = YES_ERROR;
				CLANG_WARN_DOCUMENTATION_COMMENTS = YES;
				CLANG_WARN_EMPTY_BODY = YES;
				CLANG_WARN_ENUM_CONVERSION = YES;
				CLANG_WARN_INFINITE_RECURSION = YES;
				CLANG_WARN_INT_CONVERSION = YES;
				CLANG_WARN_NON_LITERAL_NULL_CONVERSION = YES;
				CLANG_WARN_OBJC_IMPLICIT_RETAIN_SELF = YES;
				CLANG_WARN_OBJC_LITERAL_CONVERSION = YES;
				CLANG_WARN_OBJC_ROOT_CLASS = YES_ERROR;
				CLANG_WARN_RANGE_LOOP_ANALYSIS = YES;
				CLANG_WARN_STRICT_PROTOTYPES = YES;
				CLANG_WARN_SUSPICIOUS_MOVE = YES;
				CLANG_WARN_UNGUARDED_AVAILABILITY = YES_AGGRESSIVE;
				CLANG_WARN_UNREACHABLE_CODE = YES;
				CLANG_WARN__DUPLICATE_METHOD_MATCH = YES;
				CODE_SIGN_IDENTITY = "iPhone Developer";
				COPY_PHASE_STRIP = NO;
				DEBUG_INFORMATION_FORMAT = dwarf;
				ENABLE_STRICT_OBJC_MSGSEND = YES;
				ENABLE_TESTABILITY = YES;
				GCC_C_LANGUAGE_STANDARD = gnu11;
				GCC_DYNAMIC_NO_PIC = NO;
				GCC_NO_COMMON_BLOCKS = YES;
				GCC_OPTIMIZATION_LEVEL = 0;
				GCC_PREPROCESSOR_DEFINITIONS = (
					"DEBUG=1",
					"$(inherited)",
				);
				GCC_WARN_64_TO_32_BIT_CONVERSION = YES;
				GCC_WARN_ABOUT_RETURN_TYPE = YES_ERROR;
				GCC_WARN_UNDECLARED_SELECTOR = YES;
				GCC_WARN_UNINITIALIZED_AUTOS = YES_AGGRESSIVE;
				GCC_WARN_UNUSED_FUNCTION = YES;
				GCC_WARN_UNUSED_VARIABLE = YES;
				IPHONEOS_DEPLOYMENT_TARGET = 11.4;
				MTL_ENABLE_DEBUG_INFO = YES;
				ONLY_ACTIVE_ARCH = YES;
				SDKROOT = iphoneos;
				SWIFT_ACTIVE_COMPILATION_CONDITIONS = DEBUG;
				SWIFT_OPTIMIZATION_LEVEL = "-Onone";
			};
			name = Debug;
		};
		14A0B8FE215F0C9100EFE6A1 /* Release */ = {
			isa = XCBuildConfiguration;
			buildSettings = {
				ALWAYS_SEARCH_USER_PATHS = NO;
				CLANG_ANALYZER_NONNULL = YES;
				CLANG_ANALYZER_NUMBER_OBJECT_CONVERSION = YES_AGGRESSIVE;
				CLANG_CXX_LANGUAGE_STANDARD = "gnu++14";
				CLANG_CXX_LIBRARY = "libc++";
				CLANG_ENABLE_MODULES = YES;
				CLANG_ENABLE_OBJC_ARC = YES;
				CLANG_ENABLE_OBJC_WEAK = YES;
				CLANG_WARN_BLOCK_CAPTURE_AUTORELEASING = YES;
				CLANG_WARN_BOOL_CONVERSION = YES;
				CLANG_WARN_COMMA = YES;
				CLANG_WARN_CONSTANT_CONVERSION = YES;
				CLANG_WARN_DEPRECATED_OBJC_IMPLEMENTATIONS = YES;
				CLANG_WARN_DIRECT_OBJC_ISA_USAGE = YES_ERROR;
				CLANG_WARN_DOCUMENTATION_COMMENTS = YES;
				CLANG_WARN_EMPTY_BODY = YES;
				CLANG_WARN_ENUM_CONVERSION = YES;
				CLANG_WARN_INFINITE_RECURSION = YES;
				CLANG_WARN_INT_CONVERSION = YES;
				CLANG_WARN_NON_LITERAL_NULL_CONVERSION = YES;
				CLANG_WARN_OBJC_IMPLICIT_RETAIN_SELF = YES;
				CLANG_WARN_OBJC_LITERAL_CONVERSION = YES;
				CLANG_WARN_OBJC_ROOT_CLASS = YES_ERROR;
				CLANG_WARN_RANGE_LOOP_ANALYSIS = YES;
				CLANG_WARN_STRICT_PROTOTYPES = YES;
				CLANG_WARN_SUSPICIOUS_MOVE = YES;
				CLANG_WARN_UNGUARDED_AVAILABILITY = YES_AGGRESSIVE;
				CLANG_WARN_UNREACHABLE_CODE = YES;
				CLANG_WARN__DUPLICATE_METHOD_MATCH = YES;
				CODE_SIGN_IDENTITY = "iPhone Developer";
				COPY_PHASE_STRIP = NO;
				DEBUG_INFORMATION_FORMAT = "dwarf-with-dsym";
				ENABLE_NS_ASSERTIONS = NO;
				ENABLE_STRICT_OBJC_MSGSEND = YES;
				GCC_C_LANGUAGE_STANDARD = gnu11;
				GCC_NO_COMMON_BLOCKS = YES;
				GCC_WARN_64_TO_32_BIT_CONVERSION = YES;
				GCC_WARN_ABOUT_RETURN_TYPE = YES_ERROR;
				GCC_WARN_UNDECLARED_SELECTOR = YES;
				GCC_WARN_UNINITIALIZED_AUTOS = YES_AGGRESSIVE;
				GCC_WARN_UNUSED_FUNCTION = YES;
				GCC_WARN_UNUSED_VARIABLE = YES;
				IPHONEOS_DEPLOYMENT_TARGET = 11.4;
				MTL_ENABLE_DEBUG_INFO = NO;
				SDKROOT = iphoneos;
				SWIFT_COMPILATION_MODE = wholemodule;
				SWIFT_OPTIMIZATION_LEVEL = "-O";
				VALIDATE_PRODUCT = YES;
			};
			name = Release;
		};
		14A0B900215F0C9100EFE6A1 /* Debug */ = {
			isa = XCBuildConfiguration;
			buildSettings = {
				ASSETCATALOG_COMPILER_APPICON_NAME = AppIcon;
				CODE_SIGN_STYLE = Automatic;
				INFOPLIST_FILE = TableView/Info.plist;
				LD_RUNPATH_SEARCH_PATHS = (
					"$(inherited)",
					"@executable_path/Frameworks",
				);
				PRODUCT_BUNDLE_IDENTIFIER = com.seancasaus.TableView;
				PRODUCT_NAME = "$(TARGET_NAME)";
				SWIFT_VERSION = 4.0;
				TARGETED_DEVICE_FAMILY = "1,2";
			};
			name = Debug;
		};
		14A0B901215F0C9100EFE6A1 /* Release */ = {
			isa = XCBuildConfiguration;
			buildSettings = {
				ASSETCATALOG_COMPILER_APPICON_NAME = AppIcon;
				CODE_SIGN_STYLE = Automatic;
				INFOPLIST_FILE = TableView/Info.plist;
				LD_RUNPATH_SEARCH_PATHS = (
					"$(inherited)",
					"@executable_path/Frameworks",
				);
				PRODUCT_BUNDLE_IDENTIFIER = com.seancasaus.TableView;
				PRODUCT_NAME = "$(TARGET_NAME)";
				SWIFT_VERSION = 4.0;
				TARGETED_DEVICE_FAMILY = "1,2";
			};
			name = Release;
		};
		14A0B903215F0C9100EFE6A1 /* Debug */ = {
			isa = XCBuildConfiguration;
			buildSettings = {
				ALWAYS_EMBED_SWIFT_STANDARD_LIBRARIES = YES;
				BUNDLE_LOADER = "$(TEST_HOST)";
				CODE_SIGN_STYLE = Automatic;
				INFOPLIST_FILE = TableViewTests/Info.plist;
				LD_RUNPATH_SEARCH_PATHS = (
					"$(inherited)",
					"@executable_path/Frameworks",
					"@loader_path/Frameworks",
				);
				PRODUCT_BUNDLE_IDENTIFIER = com.seancasaus.TableViewTests;
				PRODUCT_NAME = "$(TARGET_NAME)";
				SWIFT_VERSION = 4.0;
				TARGETED_DEVICE_FAMILY = "1,2";
				TEST_HOST = "$(BUILT_PRODUCTS_DIR)/TableView.app/TableView";
			};
			name = Debug;
		};
		14A0B904215F0C9100EFE6A1 /* Release */ = {
			isa = XCBuildConfiguration;
			buildSettings = {
				ALWAYS_EMBED_SWIFT_STANDARD_LIBRARIES = YES;
				BUNDLE_LOADER = "$(TEST_HOST)";
				CODE_SIGN_STYLE = Automatic;
				INFOPLIST_FILE = TableViewTests/Info.plist;
				LD_RUNPATH_SEARCH_PATHS = (
					"$(inherited)",
					"@executable_path/Frameworks",
					"@loader_path/Frameworks",
				);
				PRODUCT_BUNDLE_IDENTIFIER = com.seancasaus.TableViewTests;
				PRODUCT_NAME = "$(TARGET_NAME)";
				SWIFT_VERSION = 4.0;
				TARGETED_DEVICE_FAMILY = "1,2";
				TEST_HOST = "$(BUILT_PRODUCTS_DIR)/TableView.app/TableView";
			};
			name = Release;
		};
		14A0B906215F0C9100EFE6A1 /* Debug */ = {
			isa = XCBuildConfiguration;
			buildSettings = {
				ALWAYS_EMBED_SWIFT_STANDARD_LIBRARIES = YES;
				CODE_SIGN_STYLE = Automatic;
				INFOPLIST_FILE = TableViewUITests/Info.plist;
				LD_RUNPATH_SEARCH_PATHS = (
					"$(inherited)",
					"@executable_path/Frameworks",
					"@loader_path/Frameworks",
				);
				PRODUCT_BUNDLE_IDENTIFIER = com.seancasaus.TableViewUITests;
				PRODUCT_NAME = "$(TARGET_NAME)";
				SWIFT_VERSION = 4.0;
				TARGETED_DEVICE_FAMILY = "1,2";
				TEST_TARGET_NAME = TableView;
			};
			name = Debug;
		};
		14A0B907215F0C9100EFE6A1 /* Release */ = {
			isa = XCBuildConfiguration;
			buildSettings = {
				ALWAYS_EMBED_SWIFT_STANDARD_LIBRARIES = YES;
				CODE_SIGN_STYLE = Automatic;
				INFOPLIST_FILE = TableViewUITests/Info.plist;
				LD_RUNPATH_SEARCH_PATHS = (
					"$(inherited)",
					"@executable_path/Frameworks",
					"@loader_path/Frameworks",
				);
				PRODUCT_BUNDLE_IDENTIFIER = com.seancasaus.TableViewUITests;
				PRODUCT_NAME = "$(TARGET_NAME)";
				SWIFT_VERSION = 4.0;
				TARGETED_DEVICE_FAMILY = "1,2";
				TEST_TARGET_NAME = TableView;
			};
			name = Release;
		};
/* End XCBuildConfiguration section */

/* Begin XCConfigurationList section */
		14A0B8D2215F0C8E00EFE6A1 /* Build configuration list for PBXProject "TableView" */ = {
			isa = XCConfigurationList;
			buildConfigurations = (
				14A0B8FD215F0C9100EFE6A1 /* Debug */,
				14A0B8FE215F0C9100EFE6A1 /* Release */,
			);
			defaultConfigurationIsVisible = 0;
			defaultConfigurationName = Release;
		};
		14A0B8FF215F0C9100EFE6A1 /* Build configuration list for PBXNativeTarget "TableView" */ = {
			isa = XCConfigurationList;
			buildConfigurations = (
				14A0B900215F0C9100EFE6A1 /* Debug */,
				14A0B901215F0C9100EFE6A1 /* Release */,
			);
			defaultConfigurationIsVisible = 0;
			defaultConfigurationName = Release;
		};
		14A0B902215F0C9100EFE6A1 /* Build configuration list for PBXNativeTarget "TableViewTests" */ = {
			isa = XCConfigurationList;
			buildConfigurations = (
				14A0B903215F0C9100EFE6A1 /* Debug */,
				14A0B904215F0C9100EFE6A1 /* Release */,
			);
			defaultConfigurationIsVisible = 0;
			defaultConfigurationName = Release;
		};
		14A0B905215F0C9100EFE6A1 /* Build configuration list for PBXNativeTarget "TableViewUITests" */ = {
			isa = XCConfigurationList;
			buildConfigurations = (
				14A0B906215F0C9100EFE6A1 /* Debug */,
				14A0B907215F0C9100EFE6A1 /* Release */,
			);
			defaultConfigurationIsVisible = 0;
			defaultConfigurationName = Release;
		};
/* End XCConfigurationList section */
	};
	rootObject = 14A0B8CF215F0C8E00EFE6A1 /* Project object */;
}
